
Microsoft Visual Studio Solution File, Format Version 12.00
# Visual Studio Version 16
VisualStudioVersion = 16.0.30320.27
MinimumVisualStudioVersion = 10.0.40219.1
Project("{FAE04EC0-301F-11D3-BF4B-00C04F79EFBC}") = "Uplift", "Uplift\Uplift.csproj", "{6065BF2B-EBCB-4CDC-B768-CC8C02986DF4}"
EndProject
Project("{FAE04EC0-301F-11D3-BF4B-00C04F79EFBC}") = "Uplift.Data", "Uplift.Data\Uplift.Data.csproj", "{24DCF1F3-E2B6-41C1-9D9D-C808CC0C75D3}"
EndProject
Project("{FAE04EC0-301F-11D3-BF4B-00C04F79EFBC}") = "Uplift.Model", "Uplift.Model\Uplift.Model.csproj", "{A6B38E44-0E10-4829-B3AE-DA2C254AF6AD}"
EndProject
Project("{FAE04EC0-301F-11D3-BF4B-00C04F79EFBC}") = "Uplift.Utility", "Uplift.Utility\Uplift.Utility.csproj", "{76F6107B-D6D7-44D6-9076-D06F7EE26DAB}"
EndProject
Global
	GlobalSection(SolutionConfigurationPlatforms) = preSolution
		Debug|Any CPU = Debug|Any CPU
		Release|Any CPU = Release|Any CPU
	EndGlobalSection
	GlobalSection(ProjectConfigurationPlatforms) = postSolution
		{6065BF2B-EBCB-4CDC-B768-CC8C02986DF4}.Debug|Any CPU.ActiveCfg = Debug|Any CPU
		{6065BF2B-EBCB-4CDC-B768-CC8C02986DF4}.Debug|Any CPU.Build.0 = Debug|Any CPU
		{6065BF2B-EBCB-4CDC-B768-CC8C02986DF4}.Release|Any CPU.ActiveCfg = Release|Any CPU
		{6065BF2B-EBCB-4CDC-B768-CC8C02986DF4}.Release|Any CPU.Build.0 = Release|Any CPU
		{24DCF1F3-E2B6-41C1-9D9D-C808CC0C75D3}.Debug|Any CPU.ActiveCfg = Debug|Any CPU
		{24DCF1F3-E2B6-41C1-9D9D-C808CC0C75D3}.Debug|Any CPU.Build.0 = Debug|Any CPU
		{24DCF1F3-E2B6-41C1-9D9D-C808CC0C75D3}.Release|Any CPU.ActiveCfg = Release|Any CPU
		{24DCF1F3-E2B6-41C1-9D9D-C808CC0C75D3}.Release|Any CPU.Build.0 = Release|Any CPU
		{A6B38E44-0E10-4829-B3AE-DA2C254AF6AD}.Debug|Any CPU.ActiveCfg = Debug|Any CPU
		{A6B38E44-0E10-4829-B3AE-DA2C254AF6AD}.Debug|Any CPU.Build.0 = Debug|Any CPU
		{A6B38E44-0E10-4829-B3AE-DA2C254AF6AD}.Release|Any CPU.ActiveCfg = Release|Any CPU
		{A6B38E44-0E10-4829-B3AE-DA2C254AF6AD}.Release|Any CPU.Build.0 = Release|Any CPU
		{76F6107B-D6D7-44D6-9076-D06F7EE26DAB}.Debug|Any CPU.ActiveCfg = Debug|Any CPU
		{76F6107B-D6D7-44D6-9076-D06F7EE26DAB}.Debug|Any CPU.Build.0 = Debug|Any CPU
		{76F6107B-D6D7-44D6-9076-D06F7EE26DAB}.Release|Any CPU.ActiveCfg = Release|Any CPU
		{76F6107B-D6D7-44D6-9076-D06F7EE26DAB}.Release|Any CPU.Build.0 = Release|Any CPU
	EndGlobalSection
	GlobalSection(SolutionProperties) = preSolution
		HideSolutionNode = FALSE
	EndGlobalSection
	GlobalSection(ExtensibilityGlobals) = postSolution
		SolutionGuid = {98BB9107-295D-4C32-B017-89B51A139B3C}
	EndGlobalSection
EndGlobal
